
Microsoft Visual Studio Solution File, Format Version 12.00
# Visual Studio 15
VisualStudioVersion = 15.0.27428.2043
MinimumVisualStudioVersion = 10.0.40219.1
Project("{FAE04EC0-301F-11D3-BF4B-00C04F79EFBC}") = "ezEmuera", "ezEmuera\ezEmuera.csproj", "{F3B2ED56-A5BF-45DA-A270-3ED0F775320B}"
EndProject
Global
	GlobalSection(SolutionConfigurationPlatforms) = preSolution
		Debug|Any CPU = Debug|Any CPU
		Release|Any CPU = Release|Any CPU
	EndGlobalSection
	GlobalSection(ProjectConfigurationPlatforms) = postSolution
		{F3B2ED56-A5BF-45DA-A270-3ED0F775320B}.Debug|Any CPU.ActiveCfg = Debug|Any CPU
		{F3B2ED56-A5BF-45DA-A270-3ED0F775320B}.Debug|Any CPU.Build.0 = Debug|Any CPU
		{F3B2ED56-A5BF-45DA-A270-3ED0F775320B}.Release|Any CPU.ActiveCfg = Release|Any CPU
		{F3B2ED56-A5BF-45DA-A270-3ED0F775320B}.Release|Any CPU.Build.0 = Release|Any CPU
	EndGlobalSection
	GlobalSection(SolutionProperties) = preSolution
		HideSolutionNode = FALSE
	EndGlobalSection
	GlobalSection(ExtensibilityGlobals) = postSolution
		SolutionGuid = {9F351D76-DFCC-4B1E-9809-89D22F363BFC}
	EndGlobalSection
EndGlobal
